
Microsoft Visual Studio Solution File, Format Version 12.00
# Visual Studio 15
VisualStudioVersion = 15.0.28307.852
MinimumVisualStudioVersion = 10.0.40219.1
Project("{FAE04EC0-301F-11D3-BF4B-00C04F79EFBC}") = "3ParMonitoring", "3ParMonitoring.csproj", "{60EE5C15-87B8-44E5-A1DB-09796FAEDF8B}"
EndProject
Global
	GlobalSection(SolutionConfigurationPlatforms) = preSolution
		Debug|Any CPU = Debug|Any CPU
		Release|Any CPU = Release|Any CPU
	EndGlobalSection
	GlobalSection(ProjectConfigurationPlatforms) = postSolution
		{60EE5C15-87B8-44E5-A1DB-09796FAEDF8B}.Debug|Any CPU.ActiveCfg = Debug|Any CPU
		{60EE5C15-87B8-44E5-A1DB-09796FAEDF8B}.Debug|Any CPU.Build.0 = Debug|Any CPU
		{60EE5C15-87B8-44E5-A1DB-09796FAEDF8B}.Release|Any CPU.ActiveCfg = Release|Any CPU
		{60EE5C15-87B8-44E5-A1DB-09796FAEDF8B}.Release|Any CPU.Build.0 = Release|Any CPU
	EndGlobalSection
	GlobalSection(SolutionProperties) = preSolution
		HideSolutionNode = FALSE
	EndGlobalSection
	GlobalSection(ExtensibilityGlobals) = postSolution
		SolutionGuid = {DB568522-4351-4AA7-A47F-6E425F1D282A}
	EndGlobalSection
EndGlobal
